{
  "pins" : [
    {
      "identity" : "halfasheet",
      "kind" : "remoteSourceControl",
      "location" : "https://github.com/franklynw/HalfASheet.git",
      "state" : {
        "revision" : "4f43296b3722082dd5735521ee0fbf25e61cd21c",
        "version" : "1.0.2"
      }
    }
  ],
  "version" : 2
}
