// !$*UTF8*$!
{
	archiveVersion = 1;
	classes = {
	};
	objectVersion = 55;
	objects = {

/* Begin PBXBuildFile section */
		E102E6962892EE89009B1B47 /* TimerView.swift in Sources */ = {isa = PBXBuildFile; fileRef = E102E6952892EE89009B1B47 /* TimerView.swift */; };
		E11D071E2897E9F800B32530 /* MusicManager.swift in Sources */ = {isa = PBXBuildFile; fileRef = E11D071D2897E9F800B32530 /* MusicManager.swift */; };
		E11D07212897ED3100B32530 /* FirebaseFirestore in Frameworks */ = {isa = PBXBuildFile; productRef = E11D07202897ED3100B32530 /* FirebaseFirestore */; };
		E11D07232897ED3100B32530 /* FirebaseFirestoreCombine-Community in Frameworks */ = {isa = PBXBuildFile; productRef = E11D07222897ED3100B32530 /* FirebaseFirestoreCombine-Community */; };
		E11D07252897ED3100B32530 /* FirebaseFirestoreSwift in Frameworks */ = {isa = PBXBuildFile; productRef = E11D07242897ED3100B32530 /* FirebaseFirestoreSwift */; };
		E11D07272897ED3100B32530 /* FirebaseStorage in Frameworks */ = {isa = PBXBuildFile; productRef = E11D07262897ED3100B32530 /* FirebaseStorage */; };
		E11D07292897ED3100B32530 /* FirebaseStorageCombine-Community in Frameworks */ = {isa = PBXBuildFile; productRef = E11D07282897ED3100B32530 /* FirebaseStorageCombine-Community */; };
		E11D072B2897F64000B32530 /* GoogleService-Info.plist in Resources */ = {isa = PBXBuildFile; fileRef = E11D072A2897F64000B32530 /* GoogleService-Info.plist */; };
		E11D072D2898019C00B32530 /* MusicDataModel.swift in Sources */ = {isa = PBXBuildFile; fileRef = E11D072C2898019C00B32530 /* MusicDataModel.swift */; };
		E1324D83289AE1EE00F85677 /* TimerViewModel.swift in Sources */ = {isa = PBXBuildFile; fileRef = E1324D82289AE1EE00F85677 /* TimerViewModel.swift */; };
		E13E4DE82890DCDC003B67AE /* CardView.swift in Sources */ = {isa = PBXBuildFile; fileRef = E13E4DE72890DCDC003B67AE /* CardView.swift */; };
		E13E4DEA2890E3F7003B67AE /* GenreCardModel.swift in Sources */ = {isa = PBXBuildFile; fileRef = E13E4DE92890E3F7003B67AE /* GenreCardModel.swift */; };
		E13E4DED2890E9BF003B67AE /* MusicModel.swift in Sources */ = {isa = PBXBuildFile; fileRef = E13E4DEC2890E9BF003B67AE /* MusicModel.swift */; };
		E17391D9288F8F9E0080466A /* MelliflluousApp.swift in Sources */ = {isa = PBXBuildFile; fileRef = E17391D8288F8F9E0080466A /* MelliflluousApp.swift */; };
		E17391DB288F8F9E0080466A /* ContentView.swift in Sources */ = {isa = PBXBuildFile; fileRef = E17391DA288F8F9E0080466A /* ContentView.swift */; };
		E17391DD288F8F9E0080466A /* Assets.xcassets in Resources */ = {isa = PBXBuildFile; fileRef = E17391DC288F8F9E0080466A /* Assets.xcassets */; };
		E17391E0288F8F9E0080466A /* Preview Assets.xcassets in Resources */ = {isa = PBXBuildFile; fileRef = E17391DF288F8F9E0080466A /* Preview Assets.xcassets */; };
		E17391E7288F8FB90080466A /* SplashScreen View.swift in Sources */ = {isa = PBXBuildFile; fileRef = E17391E6288F8FB90080466A /* SplashScreen View.swift */; };
		E17391E9288F9B8B0080466A /* MusicView.swift in Sources */ = {isa = PBXBuildFile; fileRef = E17391E8288F9B8B0080466A /* MusicView.swift */; };
		E17391EB288FA1C90080466A /* GenreView.swift in Sources */ = {isa = PBXBuildFile; fileRef = E17391EA288FA1C90080466A /* GenreView.swift */; };
		E182B52528922BFC00252F62 /* HalfASheet in Frameworks */ = {isa = PBXBuildFile; productRef = E182B52428922BFC00252F62 /* HalfASheet */; };
		E182B52928922E7F00252F62 /* TestView.swift in Sources */ = {isa = PBXBuildFile; fileRef = E182B52828922E7F00252F62 /* TestView.swift */; };
		E182B52C28929E8B00252F62 /* TableView.swift in Sources */ = {isa = PBXBuildFile; fileRef = E182B52B28929E8B00252F62 /* TableView.swift */; };
		E1E1A9CF289186BB003F9EBC /* MusicPlayingView.swift in Sources */ = {isa = PBXBuildFile; fileRef = E1E1A9CE289186BB003F9EBC /* MusicPlayingView.swift */; };
		E1E1A9D128919A26003F9EBC /* BlurView.swift in Sources */ = {isa = PBXBuildFile; fileRef = E1E1A9D028919A26003F9EBC /* BlurView.swift */; };
		E1E1A9D32891AD91003F9EBC /* ModalView.swift in Sources */ = {isa = PBXBuildFile; fileRef = E1E1A9D22891AD91003F9EBC /* ModalView.swift */; };
/* End PBXBuildFile section */

/* Begin PBXFileReference section */
		E102E6952892EE89009B1B47 /* TimerView.swift */ = {isa = PBXFileReference; lastKnownFileType = sourcecode.swift; path = TimerView.swift; sourceTree = "<group>"; };
		E11D071D2897E9F800B32530 /* MusicManager.swift */ = {isa = PBXFileReference; lastKnownFileType = sourcecode.swift; path = MusicManager.swift; sourceTree = "<group>"; };
		E11D072A2897F64000B32530 /* GoogleService-Info.plist */ = {isa = PBXFileReference; fileEncoding = 4; lastKnownFileType = text.plist.xml; path = "GoogleService-Info.plist"; sourceTree = "<group>"; };
		E11D072C2898019C00B32530 /* MusicDataModel.swift */ = {isa = PBXFileReference; lastKnownFileType = sourcecode.swift; path = MusicDataModel.swift; sourceTree = "<group>"; };
		E1324D82289AE1EE00F85677 /* TimerViewModel.swift */ = {isa = PBXFileReference; lastKnownFileType = sourcecode.swift; path = TimerViewModel.swift; sourceTree = "<group>"; };
		E13E4DE72890DCDC003B67AE /* CardView.swift */ = {isa = PBXFileReference; lastKnownFileType = sourcecode.swift; path = CardView.swift; sourceTree = "<group>"; };
		E13E4DE92890E3F7003B67AE /* GenreCardModel.swift */ = {isa = PBXFileReference; lastKnownFileType = sourcecode.swift; path = GenreCardModel.swift; sourceTree = "<group>"; };
		E13E4DEC2890E9BF003B67AE /* MusicModel.swift */ = {isa = PBXFileReference; lastKnownFileType = sourcecode.swift; path = MusicModel.swift; sourceTree = "<group>"; };
		E17391D5288F8F9E0080466A /* Melliflluous.app */ = {isa = PBXFileReference; explicitFileType = wrapper.application; includeInIndex = 0; path = Melliflluous.app; sourceTree = BUILT_PRODUCTS_DIR; };
		E17391D8288F8F9E0080466A /* MelliflluousApp.swift */ = {isa = PBXFileReference; lastKnownFileType = sourcecode.swift; path = MelliflluousApp.swift; sourceTree = "<group>"; };
		E17391DA288F8F9E0080466A /* ContentView.swift */ = {isa = PBXFileReference; lastKnownFileType = sourcecode.swift; path = ContentView.swift; sourceTree = "<group>"; };
		E17391DC288F8F9E0080466A /* Assets.xcassets */ = {isa = PBXFileReference; lastKnownFileType = folder.assetcatalog; path = Assets.xcassets; sourceTree = "<group>"; };
		E17391DF288F8F9E0080466A /* Preview Assets.xcassets */ = {isa = PBXFileReference; lastKnownFileType = folder.assetcatalog; path = "Preview Assets.xcassets"; sourceTree = "<group>"; };
		E17391E6288F8FB90080466A /* SplashScreen View.swift */ = {isa = PBXFileReference; lastKnownFileType = sourcecode.swift; path = "SplashScreen View.swift"; sourceTree = "<group>"; };
		E17391E8288F9B8B0080466A /* MusicView.swift */ = {isa = PBXFileReference; lastKnownFileType = sourcecode.swift; path = MusicView.swift; sourceTree = "<group>"; };
		E17391EA288FA1C90080466A /* GenreView.swift */ = {isa = PBXFileReference; lastKnownFileType = sourcecode.swift; path = GenreView.swift; sourceTree = "<group>"; };
		E182B52828922E7F00252F62 /* TestView.swift */ = {isa = PBXFileReference; lastKnownFileType = sourcecode.swift; path = TestView.swift; sourceTree = "<group>"; };
		E182B52B28929E8B00252F62 /* TableView.swift */ = {isa = PBXFileReference; lastKnownFileType = sourcecode.swift; path = TableView.swift; sourceTree = "<group>"; };
		E1E1A9CE289186BB003F9EBC /* MusicPlayingView.swift */ = {isa = PBXFileReference; lastKnownFileType = sourcecode.swift; path = MusicPlayingView.swift; sourceTree = "<group>"; };
		E1E1A9D028919A26003F9EBC /* BlurView.swift */ = {isa = PBXFileReference; lastKnownFileType = sourcecode.swift; path = BlurView.swift; sourceTree = "<group>"; };
		E1E1A9D22891AD91003F9EBC /* ModalView.swift */ = {isa = PBXFileReference; lastKnownFileType = sourcecode.swift; path = ModalView.swift; sourceTree = "<group>"; };
/* End PBXFileReference section */

/* Begin PBXFrameworksBuildPhase section */
		E17391D2288F8F9E0080466A /* Frameworks */ = {
			isa = PBXFrameworksBuildPhase;
			buildActionMask = 2147483647;
			files = (
				E11D07232897ED3100B32530 /* FirebaseFirestoreCombine-Community in Frameworks */,
				E182B52528922BFC00252F62 /* HalfASheet in Frameworks */,
				E11D07212897ED3100B32530 /* FirebaseFirestore in Frameworks */,
				E11D07272897ED3100B32530 /* FirebaseStorage in Frameworks */,
				E11D07292897ED3100B32530 /* FirebaseStorageCombine-Community in Frameworks */,
				E11D07252897ED3100B32530 /* FirebaseFirestoreSwift in Frameworks */,
			);
			runOnlyForDeploymentPostprocessing = 0;
		};
/* End PBXFrameworksBuildPhase section */

/* Begin PBXGroup section */
		E1324D84289AE8A400F85677 /* Model */ = {
			isa = PBXGroup;
			children = (
				E13E4DEC2890E9BF003B67AE /* MusicModel.swift */,
				E11D072C2898019C00B32530 /* MusicDataModel.swift */,
				E13E4DE92890E3F7003B67AE /* GenreCardModel.swift */,
			);
			path = Model;
			sourceTree = "<group>";
		};
		E1324D85289AE8B400F85677 /* View Model */ = {
			isa = PBXGroup;
			children = (
				E1324D82289AE1EE00F85677 /* TimerViewModel.swift */,
			);
			path = "View Model";
			sourceTree = "<group>";
		};
		E1324D86289AE8F800F85677 /* Helper */ = {
			isa = PBXGroup;
			children = (
				E11D071D2897E9F800B32530 /* MusicManager.swift */,
			);
			path = Helper;
			sourceTree = "<group>";
		};
		E17391CC288F8F9E0080466A = {
			isa = PBXGroup;
			children = (
				E17391D7288F8F9E0080466A /* Melliflluous */,
				E17391D6288F8F9E0080466A /* Products */,
			);
			sourceTree = "<group>";
		};
		E17391D6288F8F9E0080466A /* Products */ = {
			isa = PBXGroup;
			children = (
				E17391D5288F8F9E0080466A /* Melliflluous.app */,
			);
			name = Products;
			sourceTree = "<group>";
		};
		E17391D7288F8F9E0080466A /* Melliflluous */ = {
			isa = PBXGroup;
			children = (
				E1324D86289AE8F800F85677 /* Helper */,
				E1324D85289AE8B400F85677 /* View Model */,
				E17391D8288F8F9E0080466A /* MelliflluousApp.swift */,
				E17391DC288F8F9E0080466A /* Assets.xcassets */,
				E17391DA288F8F9E0080466A /* ContentView.swift */,
				E182B52828922E7F00252F62 /* TestView.swift */,
				E11D072A2897F64000B32530 /* GoogleService-Info.plist */,
				E1324D84289AE8A400F85677 /* Model */,
				E182B52A28926F7B00252F62 /* View */,
				E17391DE288F8F9E0080466A /* Preview Content */,
			);
			path = Melliflluous;
			sourceTree = "<group>";
		};
		E17391DE288F8F9E0080466A /* Preview Content */ = {
			isa = PBXGroup;
			children = (
				E17391DF288F8F9E0080466A /* Preview Assets.xcassets */,
			);
			path = "Preview Content";
			sourceTree = "<group>";
		};
		E182B52A28926F7B00252F62 /* View */ = {
			isa = PBXGroup;
			children = (
				E1E1A9D028919A26003F9EBC /* BlurView.swift */,
				E17391E6288F8FB90080466A /* SplashScreen View.swift */,
				E17391EA288FA1C90080466A /* GenreView.swift */,
				E1E1A9D22891AD91003F9EBC /* ModalView.swift */,
				E17391E8288F9B8B0080466A /* MusicView.swift */,
				E1E1A9CE289186BB003F9EBC /* MusicPlayingView.swift */,
				E13E4DE72890DCDC003B67AE /* CardView.swift */,
				E102E6952892EE89009B1B47 /* TimerView.swift */,
				E182B52B28929E8B00252F62 /* TableView.swift */,
			);
			path = View;
			sourceTree = "<group>";
		};
/* End PBXGroup section */

/* Begin PBXNativeTarget section */
		E17391D4288F8F9E0080466A /* Melliflluous */ = {
			isa = PBXNativeTarget;
			buildConfigurationList = E17391E3288F8F9E0080466A /* Build configuration list for PBXNativeTarget "Melliflluous" */;
			buildPhases = (
				E17391D1288F8F9E0080466A /* Sources */,
				E17391D2288F8F9E0080466A /* Frameworks */,
				E17391D3288F8F9E0080466A /* Resources */,
			);
			buildRules = (
			);
			dependencies = (
			);
			name = Melliflluous;
			packageProductDependencies = (
				E182B52428922BFC00252F62 /* HalfASheet */,
				E11D07202897ED3100B32530 /* FirebaseFirestore */,
				E11D07222897ED3100B32530 /* FirebaseFirestoreCombine-Community */,
				E11D07242897ED3100B32530 /* FirebaseFirestoreSwift */,
				E11D07262897ED3100B32530 /* FirebaseStorage */,
				E11D07282897ED3100B32530 /* FirebaseStorageCombine-Community */,
			);
			productName = Melliflluous;
			productReference = E17391D5288F8F9E0080466A /* Melliflluous.app */;
			productType = "com.apple.product-type.application";
		};
/* End PBXNativeTarget section */

/* Begin PBXProject section */
		E17391CD288F8F9E0080466A /* Project object */ = {
			isa = PBXProject;
			attributes = {
				BuildIndependentTargetsInParallel = 1;
				LastSwiftUpdateCheck = 1340;
				LastUpgradeCheck = 1340;
				TargetAttributes = {
					E17391D4288F8F9E0080466A = {
						CreatedOnToolsVersion = 13.4.1;
					};
				};
			};
			buildConfigurationList = E17391D0288F8F9E0080466A /* Build configuration list for PBXProject "Melliflluous" */;
			compatibilityVersion = "Xcode 13.0";
			developmentRegion = en;
			hasScannedForEncodings = 0;
			knownRegions = (
				en,
				Base,
			);
			mainGroup = E17391CC288F8F9E0080466A;
			packageReferences = (
				E182B52328922BFC00252F62 /* XCRemoteSwiftPackageReference "HalfASheet" */,
				E11D071F2897ED3100B32530 /* XCRemoteSwiftPackageReference "firebase-ios-sdk" */,
			);
			productRefGroup = E17391D6288F8F9E0080466A /* Products */;
			projectDirPath = "";
			projectRoot = "";
			targets = (
				E17391D4288F8F9E0080466A /* Melliflluous */,
			);
		};
/* End PBXProject section */

/* Begin PBXResourcesBuildPhase section */
		E17391D3288F8F9E0080466A /* Resources */ = {
			isa = PBXResourcesBuildPhase;
			buildActionMask = 2147483647;
			files = (
				E17391E0288F8F9E0080466A /* Preview Assets.xcassets in Resources */,
				E17391DD288F8F9E0080466A /* Assets.xcassets in Resources */,
				E11D072B2897F64000B32530 /* GoogleService-Info.plist in Resources */,
			);
			runOnlyForDeploymentPostprocessing = 0;
		};
/* End PBXResourcesBuildPhase section */

/* Begin PBXSourcesBuildPhase section */
		E17391D1288F8F9E0080466A /* Sources */ = {
			isa = PBXSourcesBuildPhase;
			buildActionMask = 2147483647;
			files = (
				E102E6962892EE89009B1B47 /* TimerView.swift in Sources */,
				E182B52C28929E8B00252F62 /* TableView.swift in Sources */,
				E182B52928922E7F00252F62 /* TestView.swift in Sources */,
				E1E1A9D32891AD91003F9EBC /* ModalView.swift in Sources */,
				E13E4DEA2890E3F7003B67AE /* GenreCardModel.swift in Sources */,
				E17391DB288F8F9E0080466A /* ContentView.swift in Sources */,
				E17391D9288F8F9E0080466A /* MelliflluousApp.swift in Sources */,
				E17391E9288F9B8B0080466A /* MusicView.swift in Sources */,
				E17391EB288FA1C90080466A /* GenreView.swift in Sources */,
				E13E4DED2890E9BF003B67AE /* MusicModel.swift in Sources */,
				E13E4DE82890DCDC003B67AE /* CardView.swift in Sources */,
				E11D072D2898019C00B32530 /* MusicDataModel.swift in Sources */,
				E1324D83289AE1EE00F85677 /* TimerViewModel.swift in Sources */,
				E1E1A9D128919A26003F9EBC /* BlurView.swift in Sources */,
				E17391E7288F8FB90080466A /* SplashScreen View.swift in Sources */,
				E1E1A9CF289186BB003F9EBC /* MusicPlayingView.swift in Sources */,
				E11D071E2897E9F800B32530 /* MusicManager.swift in Sources */,
			);
			runOnlyForDeploymentPostprocessing = 0;
		};
/* End PBXSourcesBuildPhase section */

/* Begin XCBuildConfiguration section */
		E17391E1288F8F9E0080466A /* Debug */ = {
			isa = XCBuildConfiguration;
			buildSettings = {
				ALWAYS_SEARCH_USER_PATHS = NO;
				CLANG_ANALYZER_NONNULL = YES;
				CLANG_ANALYZER_NUMBER_OBJECT_CONVERSION = YES_AGGRESSIVE;
				CLANG_CXX_LANGUAGE_STANDARD = "gnu++17";
				CLANG_ENABLE_MODULES = YES;
				CLANG_ENABLE_OBJC_ARC = YES;
				CLANG_ENABLE_OBJC_WEAK = YES;
				CLANG_WARN_BLOCK_CAPTURE_AUTORELEASING = YES;
				CLANG_WARN_BOOL_CONVERSION = YES;
				CLANG_WARN_COMMA = YES;
				CLANG_WARN_CONSTANT_CONVERSION = YES;
				CLANG_WARN_DEPRECATED_OBJC_IMPLEMENTATIONS = YES;
				CLANG_WARN_DIRECT_OBJC_ISA_USAGE = YES_ERROR;
				CLANG_WARN_DOCUMENTATION_COMMENTS = YES;
				CLANG_WARN_EMPTY_BODY = YES;
				CLANG_WARN_ENUM_CONVERSION = YES;
				CLANG_WARN_INFINITE_RECURSION = YES;
				CLANG_WARN_INT_CONVERSION = YES;
				CLANG_WARN_NON_LITERAL_NULL_CONVERSION = YES;
				CLANG_WARN_OBJC_IMPLICIT_RETAIN_SELF = YES;
				CLANG_WARN_OBJC_LITERAL_CONVERSION = YES;
				CLANG_WARN_OBJC_ROOT_CLASS = YES_ERROR;
				CLANG_WARN_QUOTED_INCLUDE_IN_FRAMEWORK_HEADER = YES;
				CLANG_WARN_RANGE_LOOP_ANALYSIS = YES;
				CLANG_WARN_STRICT_PROTOTYPES = YES;
				CLANG_WARN_SUSPICIOUS_MOVE = YES;
				CLANG_WARN_UNGUARDED_AVAILABILITY = YES_AGGRESSIVE;
				CLANG_WARN_UNREACHABLE_CODE = YES;
				CLANG_WARN__DUPLICATE_METHOD_MATCH = YES;
				COPY_PHASE_STRIP = NO;
				DEBUG_INFORMATION_FORMAT = dwarf;
				ENABLE_STRICT_OBJC_MSGSEND = YES;
				ENABLE_TESTABILITY = YES;
				GCC_C_LANGUAGE_STANDARD = gnu11;
				GCC_DYNAMIC_NO_PIC = NO;
				GCC_NO_COMMON_BLOCKS = YES;
				GCC_OPTIMIZATION_LEVEL = 0;
				GCC_PREPROCESSOR_DEFINITIONS = (
					"DEBUG=1",
					"$(inherited)",
				);
				GCC_WARN_64_TO_32_BIT_CONVERSION = YES;
				GCC_WARN_ABOUT_RETURN_TYPE = YES_ERROR;
				GCC_WARN_UNDECLARED_SELECTOR = YES;
				GCC_WARN_UNINITIALIZED_AUTOS = YES_AGGRESSIVE;
				GCC_WARN_UNUSED_FUNCTION = YES;
				GCC_WARN_UNUSED_VARIABLE = YES;
				IPHONEOS_DEPLOYMENT_TARGET = 15.5;
				MTL_ENABLE_DEBUG_INFO = INCLUDE_SOURCE;
				MTL_FAST_MATH = YES;
				ONLY_ACTIVE_ARCH = YES;
				SDKROOT = iphoneos;
				SWIFT_ACTIVE_COMPILATION_CONDITIONS = DEBUG;
				SWIFT_OPTIMIZATION_LEVEL = "-Onone";
			};
			name = Debug;
		};
		E17391E2288F8F9E0080466A /* Release */ = {
			isa = XCBuildConfiguration;
			buildSettings = {
				ALWAYS_SEARCH_USER_PATHS = NO;
				CLANG_ANALYZER_NONNULL = YES;
				CLANG_ANALYZER_NUMBER_OBJECT_CONVERSION = YES_AGGRESSIVE;
				CLANG_CXX_LANGUAGE_STANDARD = "gnu++17";
				CLANG_ENABLE_MODULES = YES;
				CLANG_ENABLE_OBJC_ARC = YES;
				CLANG_ENABLE_OBJC_WEAK = YES;
				CLANG_WARN_BLOCK_CAPTURE_AUTORELEASING = YES;
				CLANG_WARN_BOOL_CONVERSION = YES;
				CLANG_WARN_COMMA = YES;
				CLANG_WARN_CONSTANT_CONVERSION = YES;
				CLANG_WARN_DEPRECATED_OBJC_IMPLEMENTATIONS = YES;
				CLANG_WARN_DIRECT_OBJC_ISA_USAGE = YES_ERROR;
				CLANG_WARN_DOCUMENTATION_COMMENTS = YES;
				CLANG_WARN_EMPTY_BODY = YES;
				CLANG_WARN_ENUM_CONVERSION = YES;
				CLANG_WARN_INFINITE_RECURSION = YES;
				CLANG_WARN_INT_CONVERSION = YES;
				CLANG_WARN_NON_LITERAL_NULL_CONVERSION = YES;
				CLANG_WARN_OBJC_IMPLICIT_RETAIN_SELF = YES;
				CLANG_WARN_OBJC_LITERAL_CONVERSION = YES;
				CLANG_WARN_OBJC_ROOT_CLASS = YES_ERROR;
				CLANG_WARN_QUOTED_INCLUDE_IN_FRAMEWORK_HEADER = YES;
				CLANG_WARN_RANGE_LOOP_ANALYSIS = YES;
				CLANG_WARN_STRICT_PROTOTYPES = YES;
				CLANG_WARN_SUSPICIOUS_MOVE = YES;
				CLANG_WARN_UNGUARDED_AVAILABILITY = YES_AGGRESSIVE;
				CLANG_WARN_UNREACHABLE_CODE = YES;
				CLANG_WARN__DUPLICATE_METHOD_MATCH = YES;
				COPY_PHASE_STRIP = NO;
				DEBUG_INFORMATION_FORMAT = "dwarf-with-dsym";
				ENABLE_NS_ASSERTIONS = NO;
				ENABLE_STRICT_OBJC_MSGSEND = YES;
				GCC_C_LANGUAGE_STANDARD = gnu11;
				GCC_NO_COMMON_BLOCKS = YES;
				GCC_WARN_64_TO_32_BIT_CONVERSION = YES;
				GCC_WARN_ABOUT_RETURN_TYPE = YES_ERROR;
				GCC_WARN_UNDECLARED_SELECTOR = YES;
				GCC_WARN_UNINITIALIZED_AUTOS = YES_AGGRESSIVE;
				GCC_WARN_UNUSED_FUNCTION = YES;
				GCC_WARN_UNUSED_VARIABLE = YES;
				IPHONEOS_DEPLOYMENT_TARGET = 15.5;
				MTL_ENABLE_DEBUG_INFO = NO;
				MTL_FAST_MATH = YES;
				SDKROOT = iphoneos;
				SWIFT_COMPILATION_MODE = wholemodule;
				SWIFT_OPTIMIZATION_LEVEL = "-O";
				VALIDATE_PRODUCT = YES;
			};
			name = Release;
		};
		E17391E4288F8F9E0080466A /* Debug */ = {
			isa = XCBuildConfiguration;
			buildSettings = {
				ASSETCATALOG_COMPILER_APPICON_NAME = AppIcon;
				ASSETCATALOG_COMPILER_GLOBAL_ACCENT_COLOR_NAME = AccentColor;
				CODE_SIGN_STYLE = Automatic;
				CURRENT_PROJECT_VERSION = 1;
				DEVELOPMENT_ASSET_PATHS = "\"Melliflluous/Preview Content\"";
				DEVELOPMENT_TEAM = PGU8H5M76N;
				ENABLE_PREVIEWS = YES;
				GENERATE_INFOPLIST_FILE = YES;
				INFOPLIST_KEY_UIApplicationSceneManifest_Generation = YES;
				INFOPLIST_KEY_UIApplicationSupportsIndirectInputEvents = YES;
				INFOPLIST_KEY_UILaunchScreen_Generation = YES;
				INFOPLIST_KEY_UISupportedInterfaceOrientations_iPad = "UIInterfaceOrientationPortrait UIInterfaceOrientationPortraitUpsideDown UIInterfaceOrientationLandscapeLeft UIInterfaceOrientationLandscapeRight";
				INFOPLIST_KEY_UISupportedInterfaceOrientations_iPhone = "UIInterfaceOrientationPortrait UIInterfaceOrientationLandscapeLeft UIInterfaceOrientationLandscapeRight";
				LD_RUNPATH_SEARCH_PATHS = (
					"$(inherited)",
					"@executable_path/Frameworks",
				);
				MARKETING_VERSION = 1.0;
				PRODUCT_BUNDLE_IDENTIFIER = mbuh.Melliflluous;
				PRODUCT_NAME = "$(TARGET_NAME)";
				SWIFT_EMIT_LOC_STRINGS = YES;
				SWIFT_VERSION = 5.0;
				TARGETED_DEVICE_FAMILY = "1,2";
			};
			name = Debug;
		};
		E17391E5288F8F9E0080466A /* Release */ = {
			isa = XCBuildConfiguration;
			buildSettings = {
				ASSETCATALOG_COMPILER_APPICON_NAME = AppIcon;
				ASSETCATALOG_COMPILER_GLOBAL_ACCENT_COLOR_NAME = AccentColor;
				CODE_SIGN_STYLE = Automatic;
				CURRENT_PROJECT_VERSION = 1;
				DEVELOPMENT_ASSET_PATHS = "\"Melliflluous/Preview Content\"";
				DEVELOPMENT_TEAM = PGU8H5M76N;
				ENABLE_PREVIEWS = YES;
				GENERATE_INFOPLIST_FILE = YES;
				INFOPLIST_KEY_UIApplicationSceneManifest_Generation = YES;
				INFOPLIST_KEY_UIApplicationSupportsIndirectInputEvents = YES;
				INFOPLIST_KEY_UILaunchScreen_Generation = YES;
				INFOPLIST_KEY_UISupportedInterfaceOrientations_iPad = "UIInterfaceOrientationPortrait UIInterfaceOrientationPortraitUpsideDown UIInterfaceOrientationLandscapeLeft UIInterfaceOrientationLandscapeRight";
				INFOPLIST_KEY_UISupportedInterfaceOrientations_iPhone = "UIInterfaceOrientationPortrait UIInterfaceOrientationLandscapeLeft UIInterfaceOrientationLandscapeRight";
				LD_RUNPATH_SEARCH_PATHS = (
					"$(inherited)",
					"@executable_path/Frameworks",
				);
				MARKETING_VERSION = 1.0;
				PRODUCT_BUNDLE_IDENTIFIER = mbuh.Melliflluous;
				PRODUCT_NAME = "$(TARGET_NAME)";
				SWIFT_EMIT_LOC_STRINGS = YES;
				SWIFT_VERSION = 5.0;
				TARGETED_DEVICE_FAMILY = "1,2";
			};
			name = Release;
		};
/* End XCBuildConfiguration section */

/* Begin XCConfigurationList section */
		E17391D0288F8F9E0080466A /* Build configuration list for PBXProject "Melliflluous" */ = {
			isa = XCConfigurationList;
			buildConfigurations = (
				E17391E1288F8F9E0080466A /* Debug */,
				E17391E2288F8F9E0080466A /* Release */,
			);
			defaultConfigurationIsVisible = 0;
			defaultConfigurationName = Release;
		};
		E17391E3288F8F9E0080466A /* Build configuration list for PBXNativeTarget "Melliflluous" */ = {
			isa = XCConfigurationList;
			buildConfigurations = (
				E17391E4288F8F9E0080466A /* Debug */,
				E17391E5288F8F9E0080466A /* Release */,
			);
			defaultConfigurationIsVisible = 0;
			defaultConfigurationName = Release;
		};
/* End XCConfigurationList section */

/* Begin XCRemoteSwiftPackageReference section */
		E11D071F2897ED3100B32530 /* XCRemoteSwiftPackageReference "firebase-ios-sdk" */ = {
			isa = XCRemoteSwiftPackageReference;
			repositoryURL = "https://github.com/firebase/firebase-ios-sdk";
			requirement = {
				branch = master;
				kind = branch;
			};
		};
		E182B52328922BFC00252F62 /* XCRemoteSwiftPackageReference "HalfASheet" */ = {
			isa = XCRemoteSwiftPackageReference;
			repositoryURL = "https://github.com/franklynw/HalfASheet.git";
			requirement = {
				kind = upToNextMajorVersion;
				minimumVersion = 1.0.0;
			};
		};
/* End XCRemoteSwiftPackageReference section */

/* Begin XCSwiftPackageProductDependency section */
		E11D07202897ED3100B32530 /* FirebaseFirestore */ = {
			isa = XCSwiftPackageProductDependency;
			package = E11D071F2897ED3100B32530 /* XCRemoteSwiftPackageReference "firebase-ios-sdk" */;
			productName = FirebaseFirestore;
		};
		E11D07222897ED3100B32530 /* FirebaseFirestoreCombine-Community */ = {
			isa = XCSwiftPackageProductDependency;
			package = E11D071F2897ED3100B32530 /* XCRemoteSwiftPackageReference "firebase-ios-sdk" */;
			productName = "FirebaseFirestoreCombine-Community";
		};
		E11D07242897ED3100B32530 /* FirebaseFirestoreSwift */ = {
			isa = XCSwiftPackageProductDependency;
			package = E11D071F2897ED3100B32530 /* XCRemoteSwiftPackageReference "firebase-ios-sdk" */;
			productName = FirebaseFirestoreSwift;
		};
		E11D07262897ED3100B32530 /* FirebaseStorage */ = {
			isa = XCSwiftPackageProductDependency;
			package = E11D071F2897ED3100B32530 /* XCRemoteSwiftPackageReference "firebase-ios-sdk" */;
			productName = FirebaseStorage;
		};
		E11D07282897ED3100B32530 /* FirebaseStorageCombine-Community */ = {
			isa = XCSwiftPackageProductDependency;
			package = E11D071F2897ED3100B32530 /* XCRemoteSwiftPackageReference "firebase-ios-sdk" */;
			productName = "FirebaseStorageCombine-Community";
		};
		E182B52428922BFC00252F62 /* HalfASheet */ = {
			isa = XCSwiftPackageProductDependency;
			package = E182B52328922BFC00252F62 /* XCRemoteSwiftPackageReference "HalfASheet" */;
			productName = HalfASheet;
		};
/* End XCSwiftPackageProductDependency section */
	};
	rootObject = E17391CD288F8F9E0080466A /* Project object */;
}
